
Microsoft Visual Studio Solution File, Format Version 12.00
# Visual Studio Version 16
VisualStudioVersion = 16.0.30128.36
MinimumVisualStudioVersion = 10.0.40219.1
Project("{9A19103F-16F7-4668-BE54-9A1E7A4F7556}") = "Misc.DC.NULL", "Misc.DC.NULL\Misc.DC.NULL.csproj", "{9A842452-D520-4B6A-83CD-E6F44A67F758}"
EndProject
Project("{9A19103F-16F7-4668-BE54-9A1E7A4F7556}") = "Misc.DC.DataSource", "Misc.DC.DataSource\Misc.DC.DataSource.csproj", "{9E936BC0-1A82-42A0-9064-4582C8986FF0}"
EndProject
Project("{9A19103F-16F7-4668-BE54-9A1E7A4F7556}") = "Misc.DC.Storage", "Misc.DC.Storage\Misc.DC.Storage.csproj", "{EC1D57E5-33D3-477B-979A-3DB6FF3F08D3}"
EndProject
Project("{9A19103F-16F7-4668-BE54-9A1E7A4F7556}") = "Misc.DC.Models", "Misc.DC.Models\Misc.DC.Models.csproj", "{A8350ADE-BF78-41FF-8669-6EFA0398CE33}"
EndProject
Project("{FAE04EC0-301F-11D3-BF4B-00C04F79EFBC}") = "Misc.DC.api", "Misc.DC.api\Misc.DC.api.csproj", "{06849AFB-71C0-402D-B258-06312428399A}"
EndProject
Global
	GlobalSection(SolutionConfigurationPlatforms) = preSolution
		Debug|Any CPU = Debug|Any CPU
		Release|Any CPU = Release|Any CPU
	EndGlobalSection
	GlobalSection(ProjectConfigurationPlatforms) = postSolution
		{9A842452-D520-4B6A-83CD-E6F44A67F758}.Debug|Any CPU.ActiveCfg = Debug|Any CPU
		{9A842452-D520-4B6A-83CD-E6F44A67F758}.Debug|Any CPU.Build.0 = Debug|Any CPU
		{9A842452-D520-4B6A-83CD-E6F44A67F758}.Release|Any CPU.ActiveCfg = Release|Any CPU
		{9A842452-D520-4B6A-83CD-E6F44A67F758}.Release|Any CPU.Build.0 = Release|Any CPU
		{9E936BC0-1A82-42A0-9064-4582C8986FF0}.Debug|Any CPU.ActiveCfg = Debug|Any CPU
		{9E936BC0-1A82-42A0-9064-4582C8986FF0}.Debug|Any CPU.Build.0 = Debug|Any CPU
		{9E936BC0-1A82-42A0-9064-4582C8986FF0}.Release|Any CPU.ActiveCfg = Release|Any CPU
		{9E936BC0-1A82-42A0-9064-4582C8986FF0}.Release|Any CPU.Build.0 = Release|Any CPU
		{EC1D57E5-33D3-477B-979A-3DB6FF3F08D3}.Debug|Any CPU.ActiveCfg = Debug|Any CPU
		{EC1D57E5-33D3-477B-979A-3DB6FF3F08D3}.Debug|Any CPU.Build.0 = Debug|Any CPU
		{EC1D57E5-33D3-477B-979A-3DB6FF3F08D3}.Release|Any CPU.ActiveCfg = Release|Any CPU
		{EC1D57E5-33D3-477B-979A-3DB6FF3F08D3}.Release|Any CPU.Build.0 = Release|Any CPU
		{A8350ADE-BF78-41FF-8669-6EFA0398CE33}.Debug|Any CPU.ActiveCfg = Debug|Any CPU
		{A8350ADE-BF78-41FF-8669-6EFA0398CE33}.Debug|Any CPU.Build.0 = Debug|Any CPU
		{A8350ADE-BF78-41FF-8669-6EFA0398CE33}.Release|Any CPU.ActiveCfg = Release|Any CPU
		{A8350ADE-BF78-41FF-8669-6EFA0398CE33}.Release|Any CPU.Build.0 = Release|Any CPU
		{06849AFB-71C0-402D-B258-06312428399A}.Debug|Any CPU.ActiveCfg = Debug|Any CPU
		{06849AFB-71C0-402D-B258-06312428399A}.Debug|Any CPU.Build.0 = Debug|Any CPU
		{06849AFB-71C0-402D-B258-06312428399A}.Release|Any CPU.ActiveCfg = Release|Any CPU
		{06849AFB-71C0-402D-B258-06312428399A}.Release|Any CPU.Build.0 = Release|Any CPU
	EndGlobalSection
	GlobalSection(SolutionProperties) = preSolution
		HideSolutionNode = FALSE
	EndGlobalSection
	GlobalSection(ExtensibilityGlobals) = postSolution
		SolutionGuid = {91629E23-5E8A-4172-8889-E942FDFA26E9}
	EndGlobalSection
EndGlobal
